
Microsoft Visual Studio Solution File, Format Version 12.00
# Visual Studio Version 17
VisualStudioVersion = 17.4.33122.133
MinimumVisualStudioVersion = 10.0.40219.1
Project("{FAE04EC0-301F-11D3-BF4B-00C04F79EFBC}") = "TestAppForMonitorElectric", "TestAppForMonitorElectric\TestAppForMonitorElectric.csproj", "{C6B8B9B1-313C-4545-A6B9-5E851CBCFD2B}"
EndProject
Global
	GlobalSection(SolutionConfigurationPlatforms) = preSolution
		Debug|Any CPU = Debug|Any CPU
		Release|Any CPU = Release|Any CPU
	EndGlobalSection
	GlobalSection(ProjectConfigurationPlatforms) = postSolution
		{C6B8B9B1-313C-4545-A6B9-5E851CBCFD2B}.Debug|Any CPU.ActiveCfg = Debug|Any CPU
		{C6B8B9B1-313C-4545-A6B9-5E851CBCFD2B}.Debug|Any CPU.Build.0 = Debug|Any CPU
		{C6B8B9B1-313C-4545-A6B9-5E851CBCFD2B}.Release|Any CPU.ActiveCfg = Release|Any CPU
		{C6B8B9B1-313C-4545-A6B9-5E851CBCFD2B}.Release|Any CPU.Build.0 = Release|Any CPU
	EndGlobalSection
	GlobalSection(SolutionProperties) = preSolution
		HideSolutionNode = FALSE
	EndGlobalSection
	GlobalSection(ExtensibilityGlobals) = postSolution
		SolutionGuid = {B4327B27-DEE8-4A9E-B3EF-7718DA90E5D7}
	EndGlobalSection
EndGlobal
